
Microsoft Visual Studio Solution File, Format Version 12.00
# Visual Studio Version 16
VisualStudioVersion = 16.0.31727.386
MinimumVisualStudioVersion = 15.0.26124.0
Project("{2150E333-8FDC-42A3-9474-1A3956D46DE8}") = "tests", "tests", "{6298E58A-2B9F-476D-8564-B27495D3002C}"
EndProject
Project("{2150E333-8FDC-42A3-9474-1A3956D46DE8}") = "src", "src", "{6566DC16-D1DF-4817-B158-895EC6FBE378}"
EndProject
Project("{2150E333-8FDC-42A3-9474-1A3956D46DE8}") = "Core", "Core", "{281E9561-8522-4629-AAD0-A6AEB22BD8AB}"
EndProject
Project("{9A19103F-16F7-4668-BE54-9A1E7A4F7556}") = "TicketSales.Core.Domain", "src\TicketSales.Core\TicketSales.Core.Domain\TicketSales.Core.Domain.csproj", "{5C9B9749-CE38-4A04-B4E9-3CAA18C25D57}"
EndProject
Project("{9A19103F-16F7-4668-BE54-9A1E7A4F7556}") = "TicketSales.Messages", "src\TicketSales.Core\TicketSales.Messages\TicketSales.Messages.csproj", "{D7203DC3-318C-446C-BDCD-8B5CFAEF7CF4}"
EndProject
Project("{9A19103F-16F7-4668-BE54-9A1E7A4F7556}") = "TicketSales.Admin", "src\TicketSales.Admin\TicketSales.Admin.csproj", "{5BB46DE8-DB81-49C7-95D6-AD9B7DF0A0D8}"
EndProject
Project("{9A19103F-16F7-4668-BE54-9A1E7A4F7556}") = "TicketSales.User", "src\TicketSales.User\TicketSales.User.csproj", "{B90762CF-2E2C-4BB3-AF7A-0E3C15E7E7D2}"
EndProject
Project("{9A19103F-16F7-4668-BE54-9A1E7A4F7556}") = "TicketSales.Core.DataAccess", "src\TicketSales.Core\TicketSales.Core.DataAccess\TicketSales.Core.DataAccess.csproj", "{55AB0288-641B-4883-9011-4843DDEDCBF3}"
EndProject
Project("{9A19103F-16F7-4668-BE54-9A1E7A4F7556}") = "TicketSales.Core.Handlers", "src\TicketSales.Core\TicketSales.Core.Handlers\TicketSales.Core.Handlers.csproj", "{57712351-E3B8-4CF9-A9E9-0716A297F28D}"
EndProject
Project("{9A19103F-16F7-4668-BE54-9A1E7A4F7556}") = "TicketSales.Core.Processor", "src\TicketSales.Core\TicketSales.Core.Processor\TicketSales.Core.Processor.csproj", "{5C9C14BD-728E-464B-98E9-8281701E3AE2}"
EndProject
Project("{9A19103F-16F7-4668-BE54-9A1E7A4F7556}") = "TicketSales.User.Tests", "tests\TicketSales.User.Tests\TicketSales.User.Tests.csproj", "{08677DFE-8C1F-4CAC-B69A-DE636EB59721}"
EndProject
Project("{9A19103F-16F7-4668-BE54-9A1E7A4F7556}") = "TicketSales.Core.Handlers.Tests", "tests\TicketSales.Core.Handlers.Tests\TicketSales.Core.Handlers.Tests.csproj", "{9FCE1F59-59E1-48C5-95F6-920123C702D2}"
EndProject
Project("{9A19103F-16F7-4668-BE54-9A1E7A4F7556}") = "TicketSales.Core.Domain.Tests", "tests\TicketSales.Core.Domain.Tests\TicketSales.Core.Domain.Tests.csproj", "{23130AAC-6C11-4488-93CA-3523DC822829}"
EndProject
Global
	GlobalSection(SolutionConfigurationPlatforms) = preSolution
		Debug|Any CPU = Debug|Any CPU
		Release|Any CPU = Release|Any CPU
	EndGlobalSection
	GlobalSection(ProjectConfigurationPlatforms) = postSolution
		{5C9B9749-CE38-4A04-B4E9-3CAA18C25D57}.Debug|Any CPU.ActiveCfg = Debug|Any CPU
		{5C9B9749-CE38-4A04-B4E9-3CAA18C25D57}.Debug|Any CPU.Build.0 = Debug|Any CPU
		{5C9B9749-CE38-4A04-B4E9-3CAA18C25D57}.Release|Any CPU.ActiveCfg = Release|Any CPU
		{5C9B9749-CE38-4A04-B4E9-3CAA18C25D57}.Release|Any CPU.Build.0 = Release|Any CPU
		{D7203DC3-318C-446C-BDCD-8B5CFAEF7CF4}.Debug|Any CPU.ActiveCfg = Debug|Any CPU
		{D7203DC3-318C-446C-BDCD-8B5CFAEF7CF4}.Debug|Any CPU.Build.0 = Debug|Any CPU
		{D7203DC3-318C-446C-BDCD-8B5CFAEF7CF4}.Release|Any CPU.ActiveCfg = Release|Any CPU
		{D7203DC3-318C-446C-BDCD-8B5CFAEF7CF4}.Release|Any CPU.Build.0 = Release|Any CPU
		{5BB46DE8-DB81-49C7-95D6-AD9B7DF0A0D8}.Debug|Any CPU.ActiveCfg = Debug|Any CPU
		{5BB46DE8-DB81-49C7-95D6-AD9B7DF0A0D8}.Debug|Any CPU.Build.0 = Debug|Any CPU
		{5BB46DE8-DB81-49C7-95D6-AD9B7DF0A0D8}.Release|Any CPU.ActiveCfg = Release|Any CPU
		{5BB46DE8-DB81-49C7-95D6-AD9B7DF0A0D8}.Release|Any CPU.Build.0 = Release|Any CPU
		{B90762CF-2E2C-4BB3-AF7A-0E3C15E7E7D2}.Debug|Any CPU.ActiveCfg = Debug|Any CPU
		{B90762CF-2E2C-4BB3-AF7A-0E3C15E7E7D2}.Debug|Any CPU.Build.0 = Debug|Any CPU
		{B90762CF-2E2C-4BB3-AF7A-0E3C15E7E7D2}.Release|Any CPU.ActiveCfg = Release|Any CPU
		{B90762CF-2E2C-4BB3-AF7A-0E3C15E7E7D2}.Release|Any CPU.Build.0 = Release|Any CPU
		{55AB0288-641B-4883-9011-4843DDEDCBF3}.Debug|Any CPU.ActiveCfg = Debug|Any CPU
		{55AB0288-641B-4883-9011-4843DDEDCBF3}.Debug|Any CPU.Build.0 = Debug|Any CPU
		{55AB0288-641B-4883-9011-4843DDEDCBF3}.Release|Any CPU.ActiveCfg = Release|Any CPU
		{55AB0288-641B-4883-9011-4843DDEDCBF3}.Release|Any CPU.Build.0 = Release|Any CPU
		{57712351-E3B8-4CF9-A9E9-0716A297F28D}.Debug|Any CPU.ActiveCfg = Debug|Any CPU
		{57712351-E3B8-4CF9-A9E9-0716A297F28D}.Debug|Any CPU.Build.0 = Debug|Any CPU
		{57712351-E3B8-4CF9-A9E9-0716A297F28D}.Release|Any CPU.ActiveCfg = Release|Any CPU
		{57712351-E3B8-4CF9-A9E9-0716A297F28D}.Release|Any CPU.Build.0 = Release|Any CPU
		{5C9C14BD-728E-464B-98E9-8281701E3AE2}.Debug|Any CPU.ActiveCfg = Debug|Any CPU
		{5C9C14BD-728E-464B-98E9-8281701E3AE2}.Debug|Any CPU.Build.0 = Debug|Any CPU
		{5C9C14BD-728E-464B-98E9-8281701E3AE2}.Release|Any CPU.ActiveCfg = Release|Any CPU
		{5C9C14BD-728E-464B-98E9-8281701E3AE2}.Release|Any CPU.Build.0 = Release|Any CPU
		{08677DFE-8C1F-4CAC-B69A-DE636EB59721}.Debug|Any CPU.ActiveCfg = Debug|Any CPU
		{08677DFE-8C1F-4CAC-B69A-DE636EB59721}.Debug|Any CPU.Build.0 = Debug|Any CPU
		{08677DFE-8C1F-4CAC-B69A-DE636EB59721}.Release|Any CPU.ActiveCfg = Release|Any CPU
		{08677DFE-8C1F-4CAC-B69A-DE636EB59721}.Release|Any CPU.Build.0 = Release|Any CPU
		{9FCE1F59-59E1-48C5-95F6-920123C702D2}.Debug|Any CPU.ActiveCfg = Debug|Any CPU
		{9FCE1F59-59E1-48C5-95F6-920123C702D2}.Debug|Any CPU.Build.0 = Debug|Any CPU
		{9FCE1F59-59E1-48C5-95F6-920123C702D2}.Release|Any CPU.ActiveCfg = Release|Any CPU
		{9FCE1F59-59E1-48C5-95F6-920123C702D2}.Release|Any CPU.Build.0 = Release|Any CPU
		{23130AAC-6C11-4488-93CA-3523DC822829}.Debug|Any CPU.ActiveCfg = Debug|Any CPU
		{23130AAC-6C11-4488-93CA-3523DC822829}.Debug|Any CPU.Build.0 = Debug|Any CPU
		{23130AAC-6C11-4488-93CA-3523DC822829}.Release|Any CPU.ActiveCfg = Release|Any CPU
		{23130AAC-6C11-4488-93CA-3523DC822829}.Release|Any CPU.Build.0 = Release|Any CPU
	EndGlobalSection
	GlobalSection(SolutionProperties) = preSolution
		HideSolutionNode = FALSE
	EndGlobalSection
	GlobalSection(NestedProjects) = preSolution
		{281E9561-8522-4629-AAD0-A6AEB22BD8AB} = {6566DC16-D1DF-4817-B158-895EC6FBE378}
		{5C9B9749-CE38-4A04-B4E9-3CAA18C25D57} = {281E9561-8522-4629-AAD0-A6AEB22BD8AB}
		{D7203DC3-318C-446C-BDCD-8B5CFAEF7CF4} = {281E9561-8522-4629-AAD0-A6AEB22BD8AB}
		{5BB46DE8-DB81-49C7-95D6-AD9B7DF0A0D8} = {6566DC16-D1DF-4817-B158-895EC6FBE378}
		{B90762CF-2E2C-4BB3-AF7A-0E3C15E7E7D2} = {6566DC16-D1DF-4817-B158-895EC6FBE378}
		{55AB0288-641B-4883-9011-4843DDEDCBF3} = {281E9561-8522-4629-AAD0-A6AEB22BD8AB}
		{57712351-E3B8-4CF9-A9E9-0716A297F28D} = {281E9561-8522-4629-AAD0-A6AEB22BD8AB}
		{5C9C14BD-728E-464B-98E9-8281701E3AE2} = {281E9561-8522-4629-AAD0-A6AEB22BD8AB}
		{08677DFE-8C1F-4CAC-B69A-DE636EB59721} = {6298E58A-2B9F-476D-8564-B27495D3002C}
		{9FCE1F59-59E1-48C5-95F6-920123C702D2} = {6298E58A-2B9F-476D-8564-B27495D3002C}
		{23130AAC-6C11-4488-93CA-3523DC822829} = {6298E58A-2B9F-476D-8564-B27495D3002C}
	EndGlobalSection
	GlobalSection(ExtensibilityGlobals) = postSolution
		SolutionGuid = {5A8E4E20-6221-45A0-98CB-619F34E2B9B2}
	EndGlobalSection
EndGlobal
